
Microsoft Visual Studio Solution File, Format Version 12.00
# Visual Studio Version 17
VisualStudioVersion = 17.0.32126.317
MinimumVisualStudioVersion = 10.0.40219.1
Project("{9A19103F-16F7-4668-BE54-9A1E7A4F7556}") = "PSP03_Socket_TCP_Nuevo_Cliente", "PSP03_Socket_TCP_Nuevo_Cliente.csproj", "{C5AD048D-8C51-4DE6-BA6D-320C7BEB9FA2}"
EndProject
Project("{9A19103F-16F7-4668-BE54-9A1E7A4F7556}") = "PSP03_Socket_TCP_Nuevo_Servidor", "PSP03_Socket_TCP_Nuevo_Servidor.csproj", "{ADCD2641-1966-44AC-B808-FE8D0EB688F8}"
EndProject
Global
	GlobalSection(SolutionConfigurationPlatforms) = preSolution
		Debug|Any CPU = Debug|Any CPU
		Release|Any CPU = Release|Any CPU
	EndGlobalSection
	GlobalSection(ProjectConfigurationPlatforms) = postSolution
		{C5AD048D-8C51-4DE6-BA6D-320C7BEB9FA2}.Debug|Any CPU.ActiveCfg = Debug|Any CPU
		{C5AD048D-8C51-4DE6-BA6D-320C7BEB9FA2}.Debug|Any CPU.Build.0 = Debug|Any CPU
		{C5AD048D-8C51-4DE6-BA6D-320C7BEB9FA2}.Release|Any CPU.ActiveCfg = Release|Any CPU
		{C5AD048D-8C51-4DE6-BA6D-320C7BEB9FA2}.Release|Any CPU.Build.0 = Release|Any CPU
		{ADCD2641-1966-44AC-B808-FE8D0EB688F8}.Debug|Any CPU.ActiveCfg = Debug|Any CPU
		{ADCD2641-1966-44AC-B808-FE8D0EB688F8}.Debug|Any CPU.Build.0 = Debug|Any CPU
		{ADCD2641-1966-44AC-B808-FE8D0EB688F8}.Release|Any CPU.ActiveCfg = Release|Any CPU
		{ADCD2641-1966-44AC-B808-FE8D0EB688F8}.Release|Any CPU.Build.0 = Release|Any CPU
	EndGlobalSection
	GlobalSection(SolutionProperties) = preSolution
		HideSolutionNode = FALSE
	EndGlobalSection
	GlobalSection(ExtensibilityGlobals) = postSolution
		SolutionGuid = {9562DC09-C183-4B19-8001-C7ADA25C4148}
	EndGlobalSection
EndGlobal
